{
  "name": "shared",
  "version": "1.0.0",
  "lockfileVersion": 2,
  "requires": true,
  "packages": {
    "": {
      "name": "shared",
      "version": "1.0.0",
      "license": "ISC",
      "dependencies": {
        "@aquiversdk/shared": "^1.0.6"
      }
    },
    "node_modules/@aquiversdk/shared": {
      "version": "1.0.6",
      "resolved": "https://registry.npmjs.org/@aquiversdk/shared/-/shared-1.0.6.tgz",
      "integrity": "sha512-HxO5jHl+dIgOuoU6nN7lGaJLVBJVdgKIg+K+9HsQVZYAyGS4ec5xHEAn6Qkj/NL+Ll08O0Xvi8jC8Be/anDQ5Q=="
    }
  },
  "dependencies": {
    "@aquiversdk/shared": {
      "version": "1.0.6",
      "resolved": "https://registry.npmjs.org/@aquiversdk/shared/-/shared-1.0.6.tgz",
      "integrity": "sha512-HxO5jHl+dIgOuoU6nN7lGaJLVBJVdgKIg+K+9HsQVZYAyGS4ec5xHEAn6Qkj/NL+Ll08O0Xvi8jC8Be/anDQ5Q=="
    }
  }
}
